// !$*UTF8*$!
{
	archiveVersion = 1;
	classes = {
	};
	objectVersion = 46;
	objects = {

/* Begin PBXBuildFile section */
		67EEF4FDF72B64D345936E2A /* libPods.a in Frameworks */ = {isa = PBXBuildFile; fileRef = 9C043454564A2788C3BF1ADE /* libPods.a */; };
		96FB6EF31CBA615700452C35 /* 001.png in Resources */ = {isa = PBXBuildFile; fileRef = 96FB6EE01CBA615700452C35 /* 001.png */; };
		96FB6EF41CBA615700452C35 /* 1@2x.png in Resources */ = {isa = PBXBuildFile; fileRef = 96FB6EE11CBA615700452C35 /* 1@2x.png */; };
		96FB6EF51CBA615700452C35 /* 002.png in Resources */ = {isa = PBXBuildFile; fileRef = 96FB6EE21CBA615700452C35 /* 002.png */; };
		96FB6EF61CBA615700452C35 /* 2@2x.png in Resources */ = {isa = PBXBuildFile; fileRef = 96FB6EE31CBA615700452C35 /* 2@2x.png */; };
		96FB6EF71CBA615700452C35 /* 3@2x.png in Resources */ = {isa = PBXBuildFile; fileRef = 96FB6EE41CBA615700452C35 /* 3@2x.png */; };
		96FB6EF81CBA615700452C35 /* 004.jpg in Resources */ = {isa = PBXBuildFile; fileRef = 96FB6EE51CBA615700452C35 /* 004.jpg */; };
		96FB6EF91CBA615700452C35 /* 4@2x.png in Resources */ = {isa = PBXBuildFile; fileRef = 96FB6EE61CBA615700452C35 /* 4@2x.png */; };
		96FB6EFA1CBA615700452C35 /* 005.jpg in Resources */ = {isa = PBXBuildFile; fileRef = 96FB6EE71CBA615700452C35 /* 005.jpg */; };
		96FB6EFB1CBA615700452C35 /* 5@2x.png in Resources */ = {isa = PBXBuildFile; fileRef = 96FB6EE81CBA615700452C35 /* 5@2x.png */; };
		96FB6EFC1CBA615700452C35 /* 006.jpg in Resources */ = {isa = PBXBuildFile; fileRef = 96FB6EE91CBA615700452C35 /* 006.jpg */; };
		96FB6EFD1CBA615700452C35 /* 6@2x.png in Resources */ = {isa = PBXBuildFile; fileRef = 96FB6EEA1CBA615700452C35 /* 6@2x.png */; };
		96FB6EFE1CBA615700452C35 /* 007.jpg in Resources */ = {isa = PBXBuildFile; fileRef = 96FB6EEB1CBA615700452C35 /* 007.jpg */; };
		96FB6EFF1CBA615700452C35 /* 7@2x.png in Resources */ = {isa = PBXBuildFile; fileRef = 96FB6EEC1CBA615700452C35 /* 7@2x.png */; };
		96FB6F001CBA615700452C35 /* 008.jpg in Resources */ = {isa = PBXBuildFile; fileRef = 96FB6EED1CBA615700452C35 /* 008.jpg */; };
		96FB6F011CBA615700452C35 /* 8@2x.png in Resources */ = {isa = PBXBuildFile; fileRef = 96FB6EEE1CBA615700452C35 /* 8@2x.png */; };
		96FB6F021CBA615700452C35 /* 009.jpg in Resources */ = {isa = PBXBuildFile; fileRef = 96FB6EEF1CBA615700452C35 /* 009.jpg */; };
		96FB6F031CBA615700452C35 /* 9@2x.png in Resources */ = {isa = PBXBuildFile; fileRef = 96FB6EF01CBA615700452C35 /* 9@2x.png */; };
		96FB6F041CBA615700452C35 /* 010.png in Resources */ = {isa = PBXBuildFile; fileRef = 96FB6EF11CBA615700452C35 /* 010.png */; };
		96FB6F051CBA615700452C35 /* alarm.PNG in Resources */ = {isa = PBXBuildFile; fileRef = 96FB6EF21CBA615700452C35 /* alarm.PNG */; };
		96FB6F1D1CBA617700452C35 /* ic_mine_activity@2x.png in Resources */ = {isa = PBXBuildFile; fileRef = 96FB6F061CBA617700452C35 /* ic_mine_activity@2x.png */; };
		96FB6F1E1CBA617700452C35 /* ic_mine_comment@2x.png in Resources */ = {isa = PBXBuildFile; fileRef = 96FB6F071CBA617700452C35 /* ic_mine_comment@2x.png */; };
		96FB6F1F1CBA617700452C35 /* ic_mine_coupon@2x.png in Resources */ = {isa = PBXBuildFile; fileRef = 96FB6F081CBA617700452C35 /* ic_mine_coupon@2x.png */; };
		96FB6F201CBA617700452C35 /* ic_mine_download@2x.png in Resources */ = {isa = PBXBuildFile; fileRef = 96FB6F091CBA617700452C35 /* ic_mine_download@2x.png */; };
		96FB6F211CBA617700452C35 /* ic_mine_favorite@2x.png in Resources */ = {isa = PBXBuildFile; fileRef = 96FB6F0A1CBA617700452C35 /* ic_mine_favorite@2x.png */; };
		96FB6F221CBA617700452C35 /* ic_mine_note@2x.png in Resources */ = {isa = PBXBuildFile; fileRef = 96FB6F0B1CBA617700452C35 /* ic_mine_note@2x.png */; };
		96FB6F231CBA617700452C35 /* ic_mine_order@2x.png in Resources */ = {isa = PBXBuildFile; fileRef = 96FB6F0C1CBA617700452C35 /* ic_mine_order@2x.png */; };
		96FB6F241CBA617700452C35 /* ic_mine_qa@2x.png in Resources */ = {isa = PBXBuildFile; fileRef = 96FB6F0D1CBA617700452C35 /* ic_mine_qa@2x.png */; };
		96FB6F251CBA617700452C35 /* ic_mine_tourline@2x.png in Resources */ = {isa = PBXBuildFile; fileRef = 96FB6F0E1CBA617700452C35 /* ic_mine_tourline@2x.png */; };
		96FB6F261CBA617700452C35 /* ic_mine_want@2x.png in Resources */ = {isa = PBXBuildFile; fileRef = 96FB6F0F1CBA617700452C35 /* ic_mine_want@2x.png */; };
		96FB6F271CBA617700452C35 /* ic_mine_wengweng@2x.png in Resources */ = {isa = PBXBuildFile; fileRef = 96FB6F101CBA617700452C35 /* ic_mine_wengweng@2x.png */; };
		96FB6F281CBA617700452C35 /* ic_point_travel_icon@2x.png in Resources */ = {isa = PBXBuildFile; fileRef = 96FB6F111CBA617700452C35 /* ic_point_travel_icon@2x.png */; };
		96FB6F291CBA617700452C35 /* ic_tabbar_chat@2x.png in Resources */ = {isa = PBXBuildFile; fileRef = 96FB6F121CBA617700452C35 /* ic_tabbar_chat@2x.png */; };
		96FB6F2A1CBA617700452C35 /* ic_tabbar_dicovery@2x.png in Resources */ = {isa = PBXBuildFile; fileRef = 96FB6F131CBA617700452C35 /* ic_tabbar_dicovery@2x.png */; };
		96FB6F2B1CBA617700452C35 /* ic_tabbar_firstpage.png in Resources */ = {isa = PBXBuildFile; fileRef = 96FB6F141CBA617700452C35 /* ic_tabbar_firstpage.png */; };
		96FB6F2C1CBA617700452C35 /* ic_tabbar_local@2x.png in Resources */ = {isa = PBXBuildFile; fileRef = 96FB6F151CBA617700452C35 /* ic_tabbar_local@2x.png */; };
		96FB6F2D1CBA617700452C35 /* ic_tabbar_mall@2x.png in Resources */ = {isa = PBXBuildFile; fileRef = 96FB6F161CBA617700452C35 /* ic_tabbar_mall@2x.png */; };
		96FB6F2E1CBA617700452C35 /* ic_tabbar_mine@2x.png in Resources */ = {isa = PBXBuildFile; fileRef = 96FB6F171CBA617700452C35 /* ic_tabbar_mine@2x.png */; };
		96FB6F2F1CBA617700452C35 /* ic_tabbar_publish.jpg in Resources */ = {isa = PBXBuildFile; fileRef = 96FB6F181CBA617700452C35 /* ic_tabbar_publish.jpg */; };
		96FB6F301CBA617700452C35 /* ic_topbar_back_mdd@2x.png in Resources */ = {isa = PBXBuildFile; fileRef = 96FB6F191CBA617700452C35 /* ic_topbar_back_mdd@2x.png */; };
		96FB6F311CBA617700452C35 /* ic_topbar_message_orange@2x.png in Resources */ = {isa = PBXBuildFile; fileRef = 96FB6F1A1CBA617700452C35 /* ic_topbar_message_orange@2x.png */; };
		96FB6F321CBA617700452C35 /* ic_topbar_setting_orange@2x.png in Resources */ = {isa = PBXBuildFile; fileRef = 96FB6F1B1CBA617700452C35 /* ic_topbar_setting_orange@2x.png */; };
		96FB6F331CBA617700452C35 /* Icon-76@2x.png in Resources */ = {isa = PBXBuildFile; fileRef = 96FB6F1C1CBA617700452C35 /* Icon-76@2x.png */; };
		96FB6F371CBA618600452C35 /* pic2.jpg in Resources */ = {isa = PBXBuildFile; fileRef = 96FB6F341CBA618600452C35 /* pic2.jpg */; };
		96FB6F381CBA618600452C35 /* pic3.jpg in Resources */ = {isa = PBXBuildFile; fileRef = 96FB6F351CBA618600452C35 /* pic3.jpg */; };
		96FB6F391CBA618600452C35 /* picFirstPag.jpg in Resources */ = {isa = PBXBuildFile; fileRef = 96FB6F361CBA618600452C35 /* picFirstPag.jpg */; };
		96FB6F411CBA61BD00452C35 /* scene2.jpg in Resources */ = {isa = PBXBuildFile; fileRef = 96FB6F3A1CBA61BD00452C35 /* scene2.jpg */; };
		96FB6F421CBA61BD00452C35 /* scene3.jpg in Resources */ = {isa = PBXBuildFile; fileRef = 96FB6F3B1CBA61BD00452C35 /* scene3.jpg */; };
		96FB6F431CBA61BD00452C35 /* scene4.jpg in Resources */ = {isa = PBXBuildFile; fileRef = 96FB6F3C1CBA61BD00452C35 /* scene4.jpg */; };
		96FB6F441CBA61BD00452C35 /* scene5.jpg in Resources */ = {isa = PBXBuildFile; fileRef = 96FB6F3D1CBA61BD00452C35 /* scene5.jpg */; };
		96FB6F451CBA61BD00452C35 /* scene7.jpg in Resources */ = {isa = PBXBuildFile; fileRef = 96FB6F3E1CBA61BD00452C35 /* scene7.jpg */; };
		96FB6F461CBA61BD00452C35 /* scene8.jpg in Resources */ = {isa = PBXBuildFile; fileRef = 96FB6F3F1CBA61BD00452C35 /* scene8.jpg */; };
		96FB6F471CBA61BD00452C35 /* search@2x.png in Resources */ = {isa = PBXBuildFile; fileRef = 96FB6F401CBA61BD00452C35 /* search@2x.png */; };
		96FB6F491CBA61CD00452C35 /* titBar@2x.png in Resources */ = {isa = PBXBuildFile; fileRef = 96FB6F481CBA61CD00452C35 /* titBar@2x.png */; };
		96FB6F4C1CBA61E800452C35 /* chatVC.m in Sources */ = {isa = PBXBuildFile; fileRef = 96FB6F4B1CBA61E800452C35 /* chatVC.m */; };
		96FB6F4F1CBA61F200452C35 /* firstPageVC.m in Sources */ = {isa = PBXBuildFile; fileRef = 96FB6F4E1CBA61F200452C35 /* firstPageVC.m */; };
		96FB6F511CBA620000452C35 /* headImage@2x.png in Resources */ = {isa = PBXBuildFile; fileRef = 96FB6F501CBA620000452C35 /* headImage@2x.png */; };
		96FB6F541CBA621400452C35 /* myVC.m in Sources */ = {isa = PBXBuildFile; fileRef = 96FB6F531CBA621400452C35 /* myVC.m */; };
		96FB6F571CBA621D00452C35 /* publishVC.m in Sources */ = {isa = PBXBuildFile; fileRef = 96FB6F561CBA621D00452C35 /* publishVC.m */; };
		96FB6F5A1CBA625E00452C35 /* ViewController.m in Sources */ = {isa = PBXBuildFile; fileRef = 96FB6F591CBA625E00452C35 /* ViewController.m */; };
		E91976931CB3953C0069D6E8 /* Default.png in Resources */ = {isa = PBXBuildFile; fileRef = E91976921CB3953C0069D6E8 /* Default.png */; };
		E91976961CB3B31B0069D6E8 /* phone3.jpg in Resources */ = {isa = PBXBuildFile; fileRef = E91976951CB3B31B0069D6E8 /* phone3.jpg */; };
		E91976981CB3B3210069D6E8 /* phone2.jpg in Resources */ = {isa = PBXBuildFile; fileRef = E91976971CB3B3210069D6E8 /* phone2.jpg */; };
		E919769A1CB3B3260069D6E8 /* phone1.jpg in Resources */ = {isa = PBXBuildFile; fileRef = E91976991CB3B3260069D6E8 /* phone1.jpg */; };
		E93BC4231CB73A3000B42C4A /* MenuButton.m in Sources */ = {isa = PBXBuildFile; fileRef = E93BC4221CB73A3000B42C4A /* MenuButton.m */; };
		E93EDEAC1CACC2BB00252EF0 /* UserVO.m in Sources */ = {isa = PBXBuildFile; fileRef = E93EDEAB1CACC2BB00252EF0 /* UserVO.m */; };
		E93EDEAF1CACC3C600252EF0 /* SecondhandVO.m in Sources */ = {isa = PBXBuildFile; fileRef = E93EDEAE1CACC3C600252EF0 /* SecondhandVO.m */; };
		E93EDEB21CACC58A00252EF0 /* UserDAO.m in Sources */ = {isa = PBXBuildFile; fileRef = E93EDEB11CACC58A00252EF0 /* UserDAO.m */; };
		E93EDEBB1CACD08F00252EF0 /* SecondhandDAO.m in Sources */ = {isa = PBXBuildFile; fileRef = E93EDEBA1CACD08F00252EF0 /* SecondhandDAO.m */; };
		E93EDEBE1CAD0FC300252EF0 /* SecondhandBL.m in Sources */ = {isa = PBXBuildFile; fileRef = E93EDEBD1CAD0FC300252EF0 /* SecondhandBL.m */; };
		E952B6761CB5FD730075B6ED /* MenuCell.m in Sources */ = {isa = PBXBuildFile; fileRef = E952B6751CB5FD730075B6ED /* MenuCell.m */; };
		E952B6791CB6069E0075B6ED /* SecondhandMenuFrameModel.m in Sources */ = {isa = PBXBuildFile; fileRef = E952B6781CB6069E0075B6ED /* SecondhandMenuFrameModel.m */; };
		E9536C9D1CA7FFA20055720C /* main.m in Sources */ = {isa = PBXBuildFile; fileRef = E9536C9C1CA7FFA20055720C /* main.m */; };
		E9536CA01CA7FFA20055720C /* AppDelegate.m in Sources */ = {isa = PBXBuildFile; fileRef = E9536C9F1CA7FFA20055720C /* AppDelegate.m */; };
		E9536CA61CA7FFA20055720C /* Main.storyboard in Resources */ = {isa = PBXBuildFile; fileRef = E9536CA41CA7FFA20055720C /* Main.storyboard */; };
		E9536CA91CA7FFA20055720C /* FleaMarket.xcdatamodeld in Sources */ = {isa = PBXBuildFile; fileRef = E9536CA71CA7FFA20055720C /* FleaMarket.xcdatamodeld */; };
		E9536CAB1CA7FFA20055720C /* Assets.xcassets in Resources */ = {isa = PBXBuildFile; fileRef = E9536CAA1CA7FFA20055720C /* Assets.xcassets */; };
		E9536CAE1CA7FFA20055720C /* LaunchScreen.storyboard in Resources */ = {isa = PBXBuildFile; fileRef = E9536CAC1CA7FFA20055720C /* LaunchScreen.storyboard */; };
		E9536CB91CA7FFA20055720C /* FleaMarketTests.m in Sources */ = {isa = PBXBuildFile; fileRef = E9536CB81CA7FFA20055720C /* FleaMarketTests.m */; };
		E9536CC41CA7FFA20055720C /* FleaMarketUITests.m in Sources */ = {isa = PBXBuildFile; fileRef = E9536CC31CA7FFA20055720C /* FleaMarketUITests.m */; };
		E95589DC1CB3FDA3005DAB2C /* macpro1.jpg in Resources */ = {isa = PBXBuildFile; fileRef = E95589DB1CB3FDA3005DAB2C /* macpro1.jpg */; };
		E95589DE1CB3FDAD005DAB2C /* macpro2.jpg in Resources */ = {isa = PBXBuildFile; fileRef = E95589DD1CB3FDAD005DAB2C /* macpro2.jpg */; };
		E98346071CB0AE4B00C84150 /* Secondhand.plist in Resources */ = {isa = PBXBuildFile; fileRef = E98346061CB0AE4B00C84150 /* Secondhand.plist */; };
		E983460A1CB0B12700C84150 /* VOGroup.m in Sources */ = {isa = PBXBuildFile; fileRef = E98346091CB0B12700C84150 /* VOGroup.m */; };
		E983460D1CB0C2F200C84150 /* ModelGroup.m in Sources */ = {isa = PBXBuildFile; fileRef = E983460C1CB0C2F200C84150 /* ModelGroup.m */; };
		E983460F1CB0C30100C84150 /* statuses.plist in Resources */ = {isa = PBXBuildFile; fileRef = E983460E1CB0C30100C84150 /* statuses.plist */; };
		E98346121CB0C3ED00C84150 /* MitchellModel.m in Sources */ = {isa = PBXBuildFile; fileRef = E98346111CB0C3ED00C84150 /* MitchellModel.m */; };
		E9B5C57B1CB3531C000D73BD /* MitchellCell.m in Sources */ = {isa = PBXBuildFile; fileRef = E9B5C5781CB3531C000D73BD /* MitchellCell.m */; };
		E9B5C57C1CB3531C000D73BD /* MitchellFrameModel.m in Sources */ = {isa = PBXBuildFile; fileRef = E9B5C57A1CB3531C000D73BD /* MitchellFrameModel.m */; };
		E9C125341CA803B0005DE17C /* TonglmTestViewController.m in Sources */ = {isa = PBXBuildFile; fileRef = E9C125331CA803B0005DE17C /* TonglmTestViewController.m */; };
		E9C125381CA91D38005DE17C /* SecondhandViewController.m in Sources */ = {isa = PBXBuildFile; fileRef = E9C125371CA91D38005DE17C /* SecondhandViewController.m */; };
		E9C1253C1CA929B0005DE17C /* SecondhandCell.m in Sources */ = {isa = PBXBuildFile; fileRef = E9C1253B1CA929B0005DE17C /* SecondhandCell.m */; };
		E9C125471CA9684C005DE17C /* SecondhandFrameModel.m in Sources */ = {isa = PBXBuildFile; fileRef = E9C125461CA9684C005DE17C /* SecondhandFrameModel.m */; };
/* End PBXBuildFile section */

/* Begin PBXContainerItemProxy section */
		E9536CB51CA7FFA20055720C /* PBXContainerItemProxy */ = {
			isa = PBXContainerItemProxy;
			containerPortal = E9536C901CA7FFA20055720C /* Project object */;
			proxyType = 1;
			remoteGlobalIDString = E9536C971CA7FFA20055720C;
			remoteInfo = FleaMarket;
		};
		E9536CC01CA7FFA20055720C /* PBXContainerItemProxy */ = {
			isa = PBXContainerItemProxy;
			containerPortal = E9536C901CA7FFA20055720C /* Project object */;
			proxyType = 1;
			remoteGlobalIDString = E9536C971CA7FFA20055720C;
			remoteInfo = FleaMarket;
		};
/* End PBXContainerItemProxy section */

/* Begin PBXFileReference section */
		4B9FF095CDC62FF9BCCF72DB /* Pods.release.xcconfig */ = {isa = PBXFileReference; includeInIndex = 1; lastKnownFileType = text.xcconfig; name = Pods.release.xcconfig; path = "Pods/Target Support Files/Pods/Pods.release.xcconfig"; sourceTree = "<group>"; };
		96FB6EE01CBA615700452C35 /* 001.png */ = {isa = PBXFileReference; lastKnownFileType = image.png; path = 001.png; sourceTree = "<group>"; };
		96FB6EE11CBA615700452C35 /* 1@2x.png */ = {isa = PBXFileReference; lastKnownFileType = image.png; path = "1@2x.png"; sourceTree = "<group>"; };
		96FB6EE21CBA615700452C35 /* 002.png */ = {isa = PBXFileReference; lastKnownFileType = image.png; path = 002.png; sourceTree = "<group>"; };
		96FB6EE31CBA615700452C35 /* 2@2x.png */ = {isa = PBXFileReference; lastKnownFileType = image.png; path = "2@2x.png"; sourceTree = "<group>"; };
		96FB6EE41CBA615700452C35 /* 3@2x.png */ = {isa = PBXFileReference; lastKnownFileType = image.png; path = "3@2x.png"; sourceTree = "<group>"; };
		96FB6EE51CBA615700452C35 /* 004.jpg */ = {isa = PBXFileReference; lastKnownFileType = image.jpeg; path = 004.jpg; sourceTree = "<group>"; };
		96FB6EE61CBA615700452C35 /* 4@2x.png */ = {isa = PBXFileReference; lastKnownFileType = image.png; path = "4@2x.png"; sourceTree = "<group>"; };
		96FB6EE71CBA615700452C35 /* 005.jpg */ = {isa = PBXFileReference; lastKnownFileType = image.jpeg; path = 005.jpg; sourceTree = "<group>"; };
		96FB6EE81CBA615700452C35 /* 5@2x.png */ = {isa = PBXFileReference; lastKnownFileType = image.png; path = "5@2x.png"; sourceTree = "<group>"; };
		96FB6EE91CBA615700452C35 /* 006.jpg */ = {isa = PBXFileReference; lastKnownFileType = image.jpeg; path = 006.jpg; sourceTree = "<group>"; };
		96FB6EEA1CBA615700452C35 /* 6@2x.png */ = {isa = PBXFileReference; lastKnownFileType = image.png; path = "6@2x.png"; sourceTree = "<group>"; };
		96FB6EEB1CBA615700452C35 /* 007.jpg */ = {isa = PBXFileReference; lastKnownFileType = image.jpeg; path = 007.jpg; sourceTree = "<group>"; };
		96FB6EEC1CBA615700452C35 /* 7@2x.png */ = {isa = PBXFileReference; lastKnownFileType = image.png; path = "7@2x.png"; sourceTree = "<group>"; };
		96FB6EED1CBA615700452C35 /* 008.jpg */ = {isa = PBXFileReference; lastKnownFileType = image.jpeg; path = 008.jpg; sourceTree = "<group>"; };
		96FB6EEE1CBA615700452C35 /* 8@2x.png */ = {isa = PBXFileReference; lastKnownFileType = image.png; path = "8@2x.png"; sourceTree = "<group>"; };
		96FB6EEF1CBA615700452C35 /* 009.jpg */ = {isa = PBXFileReference; lastKnownFileType = image.jpeg; path = 009.jpg; sourceTree = "<group>"; };
		96FB6EF01CBA615700452C35 /* 9@2x.png */ = {isa = PBXFileReference; lastKnownFileType = image.png; path = "9@2x.png"; sourceTree = "<group>"; };
		96FB6EF11CBA615700452C35 /* 010.png */ = {isa = PBXFileReference; lastKnownFileType = image.png; path = 010.png; sourceTree = "<group>"; };
		96FB6EF21CBA615700452C35 /* alarm.PNG */ = {isa = PBXFileReference; lastKnownFileType = image.png; path = alarm.PNG; sourceTree = "<group>"; };
		96FB6F061CBA617700452C35 /* ic_mine_activity@2x.png */ = {isa = PBXFileReference; lastKnownFileType = image.png; path = "ic_mine_activity@2x.png"; sourceTree = "<group>"; };
		96FB6F071CBA617700452C35 /* ic_mine_comment@2x.png */ = {isa = PBXFileReference; lastKnownFileType = image.png; path = "ic_mine_comment@2x.png"; sourceTree = "<group>"; };
		96FB6F081CBA617700452C35 /* ic_mine_coupon@2x.png */ = {isa = PBXFileReference; lastKnownFileType = image.png; path = "ic_mine_coupon@2x.png"; sourceTree = "<group>"; };
		96FB6F091CBA617700452C35 /* ic_mine_download@2x.png */ = {isa = PBXFileReference; lastKnownFileType = image.png; path = "ic_mine_download@2x.png"; sourceTree = "<group>"; };
		96FB6F0A1CBA617700452C35 /* ic_mine_favorite@2x.png */ = {isa = PBXFileReference; lastKnownFileType = image.png; path = "ic_mine_favorite@2x.png"; sourceTree = "<group>"; };
		96FB6F0B1CBA617700452C35 /* ic_mine_note@2x.png */ = {isa = PBXFileReference; lastKnownFileType = image.png; path = "ic_mine_note@2x.png"; sourceTree = "<group>"; };
		96FB6F0C1CBA617700452C35 /* ic_mine_order@2x.png */ = {isa = PBXFileReference; lastKnownFileType = image.png; path = "ic_mine_order@2x.png"; sourceTree = "<group>"; };
		96FB6F0D1CBA617700452C35 /* ic_mine_qa@2x.png */ = {isa = PBXFileReference; lastKnownFileType = image.png; path = "ic_mine_qa@2x.png"; sourceTree = "<group>"; };
		96FB6F0E1CBA617700452C35 /* ic_mine_tourline@2x.png */ = {isa = PBXFileReference; lastKnownFileType = image.png; path = "ic_mine_tourline@2x.png"; sourceTree = "<group>"; };
		96FB6F0F1CBA617700452C35 /* ic_mine_want@2x.png */ = {isa = PBXFileReference; lastKnownFileType = image.png; path = "ic_mine_want@2x.png"; sourceTree = "<group>"; };
		96FB6F101CBA617700452C35 /* ic_mine_wengweng@2x.png */ = {isa = PBXFileReference; lastKnownFileType = image.png; path = "ic_mine_wengweng@2x.png"; sourceTree = "<group>"; };
		96FB6F111CBA617700452C35 /* ic_point_travel_icon@2x.png */ = {isa = PBXFileReference; lastKnownFileType = image.png; path = "ic_point_travel_icon@2x.png"; sourceTree = "<group>"; };
		96FB6F121CBA617700452C35 /* ic_tabbar_chat@2x.png */ = {isa = PBXFileReference; lastKnownFileType = image.png; path = "ic_tabbar_chat@2x.png"; sourceTree = "<group>"; };
		96FB6F131CBA617700452C35 /* ic_tabbar_dicovery@2x.png */ = {isa = PBXFileReference; lastKnownFileType = image.png; path = "ic_tabbar_dicovery@2x.png"; sourceTree = "<group>"; };
		96FB6F141CBA617700452C35 /* ic_tabbar_firstpage.png */ = {isa = PBXFileReference; lastKnownFileType = image.png; path = ic_tabbar_firstpage.png; sourceTree = "<group>"; };
		96FB6F151CBA617700452C35 /* ic_tabbar_local@2x.png */ = {isa = PBXFileReference; lastKnownFileType = image.png; path = "ic_tabbar_local@2x.png"; sourceTree = "<group>"; };
		96FB6F161CBA617700452C35 /* ic_tabbar_mall@2x.png */ = {isa = PBXFileReference; lastKnownFileType = image.png; path = "ic_tabbar_mall@2x.png"; sourceTree = "<group>"; };
		96FB6F171CBA617700452C35 /* ic_tabbar_mine@2x.png */ = {isa = PBXFileReference; lastKnownFileType = image.png; path = "ic_tabbar_mine@2x.png"; sourceTree = "<group>"; };
		96FB6F181CBA617700452C35 /* ic_tabbar_publish.jpg */ = {isa = PBXFileReference; lastKnownFileType = image.jpeg; path = ic_tabbar_publish.jpg; sourceTree = "<group>"; };
		96FB6F191CBA617700452C35 /* ic_topbar_back_mdd@2x.png */ = {isa = PBXFileReference; lastKnownFileType = image.png; path = "ic_topbar_back_mdd@2x.png"; sourceTree = "<group>"; };
		96FB6F1A1CBA617700452C35 /* ic_topbar_message_orange@2x.png */ = {isa = PBXFileReference; lastKnownFileType = image.png; path = "ic_topbar_message_orange@2x.png"; sourceTree = "<group>"; };
		96FB6F1B1CBA617700452C35 /* ic_topbar_setting_orange@2x.png */ = {isa = PBXFileReference; lastKnownFileType = image.png; path = "ic_topbar_setting_orange@2x.png"; sourceTree = "<group>"; };
		96FB6F1C1CBA617700452C35 /* Icon-76@2x.png */ = {isa = PBXFileReference; lastKnownFileType = image.png; path = "Icon-76@2x.png"; sourceTree = "<group>"; };
		96FB6F341CBA618600452C35 /* pic2.jpg */ = {isa = PBXFileReference; lastKnownFileType = image.jpeg; path = pic2.jpg; sourceTree = "<group>"; };
		96FB6F351CBA618600452C35 /* pic3.jpg */ = {isa = PBXFileReference; lastKnownFileType = image.jpeg; path = pic3.jpg; sourceTree = "<group>"; };
		96FB6F361CBA618600452C35 /* picFirstPag.jpg */ = {isa = PBXFileReference; lastKnownFileType = image.jpeg; path = picFirstPag.jpg; sourceTree = "<group>"; };
		96FB6F3A1CBA61BD00452C35 /* scene2.jpg */ = {isa = PBXFileReference; lastKnownFileType = image.jpeg; path = scene2.jpg; sourceTree = "<group>"; };
		96FB6F3B1CBA61BD00452C35 /* scene3.jpg */ = {isa = PBXFileReference; lastKnownFileType = image.jpeg; path = scene3.jpg; sourceTree = "<group>"; };
		96FB6F3C1CBA61BD00452C35 /* scene4.jpg */ = {isa = PBXFileReference; lastKnownFileType = image.jpeg; path = scene4.jpg; sourceTree = "<group>"; };
		96FB6F3D1CBA61BD00452C35 /* scene5.jpg */ = {isa = PBXFileReference; lastKnownFileType = image.jpeg; path = scene5.jpg; sourceTree = "<group>"; };
		96FB6F3E1CBA61BD00452C35 /* scene7.jpg */ = {isa = PBXFileReference; lastKnownFileType = image.jpeg; path = scene7.jpg; sourceTree = "<group>"; };
		96FB6F3F1CBA61BD00452C35 /* scene8.jpg */ = {isa = PBXFileReference; lastKnownFileType = image.jpeg; path = scene8.jpg; sourceTree = "<group>"; };
		96FB6F401CBA61BD00452C35 /* search@2x.png */ = {isa = PBXFileReference; lastKnownFileType = image.png; path = "search@2x.png"; sourceTree = "<group>"; };
		96FB6F481CBA61CD00452C35 /* titBar@2x.png */ = {isa = PBXFileReference; lastKnownFileType = image.png; path = "titBar@2x.png"; sourceTree = "<group>"; };
		96FB6F4A1CBA61E800452C35 /* chatVC.h */ = {isa = PBXFileReference; fileEncoding = 4; lastKnownFileType = sourcecode.c.h; path = chatVC.h; sourceTree = "<group>"; };
		96FB6F4B1CBA61E800452C35 /* chatVC.m */ = {isa = PBXFileReference; fileEncoding = 4; lastKnownFileType = sourcecode.c.objc; path = chatVC.m; sourceTree = "<group>"; };
		96FB6F4D1CBA61F200452C35 /* firstPageVC.h */ = {isa = PBXFileReference; fileEncoding = 4; lastKnownFileType = sourcecode.c.h; path = firstPageVC.h; sourceTree = "<group>"; };
		96FB6F4E1CBA61F200452C35 /* firstPageVC.m */ = {isa = PBXFileReference; fileEncoding = 4; lastKnownFileType = sourcecode.c.objc; path = firstPageVC.m; sourceTree = "<group>"; };
		96FB6F501CBA620000452C35 /* headImage@2x.png */ = {isa = PBXFileReference; lastKnownFileType = image.png; path = "headImage@2x.png"; sourceTree = "<group>"; };
		96FB6F521CBA621400452C35 /* myVC.h */ = {isa = PBXFileReference; fileEncoding = 4; lastKnownFileType = sourcecode.c.h; path = myVC.h; sourceTree = "<group>"; };
		96FB6F531CBA621400452C35 /* myVC.m */ = {isa = PBXFileReference; fileEncoding = 4; lastKnownFileType = sourcecode.c.objc; path = myVC.m; sourceTree = "<group>"; };
		96FB6F551CBA621D00452C35 /* publishVC.h */ = {isa = PBXFileReference; fileEncoding = 4; lastKnownFileType = sourcecode.c.h; path = publishVC.h; sourceTree = "<group>"; };
		96FB6F561CBA621D00452C35 /* publishVC.m */ = {isa = PBXFileReference; fileEncoding = 4; lastKnownFileType = sourcecode.c.objc; path = publishVC.m; sourceTree = "<group>"; };
		96FB6F581CBA625E00452C35 /* ViewController.h */ = {isa = PBXFileReference; fileEncoding = 4; lastKnownFileType = sourcecode.c.h; path = ViewController.h; sourceTree = "<group>"; };
		96FB6F591CBA625E00452C35 /* ViewController.m */ = {isa = PBXFileReference; fileEncoding = 4; lastKnownFileType = sourcecode.c.objc; path = ViewController.m; sourceTree = "<group>"; };
		96FB6F5B1CBA661C00452C35 /* FleaMarket_PrefixHeader.pch */ = {isa = PBXFileReference; lastKnownFileType = sourcecode.c.h; path = FleaMarket_PrefixHeader.pch; sourceTree = "<group>"; };
		9C043454564A2788C3BF1ADE /* libPods.a */ = {isa = PBXFileReference; explicitFileType = archive.ar; includeInIndex = 0; path = libPods.a; sourceTree = BUILT_PRODUCTS_DIR; };
		E91976921CB3953C0069D6E8 /* Default.png */ = {isa = PBXFileReference; lastKnownFileType = image.png; path = Default.png; sourceTree = "<group>"; };
		E91976941CB398040069D6E8 /* Help.h */ = {isa = PBXFileReference; lastKnownFileType = sourcecode.c.h; path = Help.h; sourceTree = "<group>"; };
		E91976951CB3B31B0069D6E8 /* phone3.jpg */ = {isa = PBXFileReference; lastKnownFileType = image.jpeg; path = phone3.jpg; sourceTree = "<group>"; };
		E91976971CB3B3210069D6E8 /* phone2.jpg */ = {isa = PBXFileReference; lastKnownFileType = image.jpeg; path = phone2.jpg; sourceTree = "<group>"; };
		E91976991CB3B3260069D6E8 /* phone1.jpg */ = {isa = PBXFileReference; lastKnownFileType = image.jpeg; path = phone1.jpg; sourceTree = "<group>"; };
		E93BC4211CB73A3000B42C4A /* MenuButton.h */ = {isa = PBXFileReference; fileEncoding = 4; lastKnownFileType = sourcecode.c.h; path = MenuButton.h; sourceTree = "<group>"; };
		E93BC4221CB73A3000B42C4A /* MenuButton.m */ = {isa = PBXFileReference; fileEncoding = 4; lastKnownFileType = sourcecode.c.objc; path = MenuButton.m; sourceTree = "<group>"; };
		E93EDEAA1CACC2BB00252EF0 /* UserVO.h */ = {isa = PBXFileReference; fileEncoding = 4; lastKnownFileType = sourcecode.c.h; path = UserVO.h; sourceTree = "<group>"; };
		E93EDEAB1CACC2BB00252EF0 /* UserVO.m */ = {isa = PBXFileReference; fileEncoding = 4; lastKnownFileType = sourcecode.c.objc; path = UserVO.m; sourceTree = "<group>"; };
		E93EDEAD1CACC3C600252EF0 /* SecondhandVO.h */ = {isa = PBXFileReference; fileEncoding = 4; lastKnownFileType = sourcecode.c.h; path = SecondhandVO.h; sourceTree = "<group>"; };
		E93EDEAE1CACC3C600252EF0 /* SecondhandVO.m */ = {isa = PBXFileReference; fileEncoding = 4; lastKnownFileType = sourcecode.c.objc; path = SecondhandVO.m; sourceTree = "<group>"; };
		E93EDEB01CACC58A00252EF0 /* UserDAO.h */ = {isa = PBXFileReference; fileEncoding = 4; lastKnownFileType = sourcecode.c.h; path = UserDAO.h; sourceTree = "<group>"; };
		E93EDEB11CACC58A00252EF0 /* UserDAO.m */ = {isa = PBXFileReference; fileEncoding = 4; lastKnownFileType = sourcecode.c.objc; path = UserDAO.m; sourceTree = "<group>"; };
		E93EDEB61CACC6E800252EF0 /* UserDAODelegate.h */ = {isa = PBXFileReference; lastKnownFileType = sourcecode.c.h; path = UserDAODelegate.h; sourceTree = "<group>"; };
		E93EDEB81CACCFA600252EF0 /* SecondhandDAODelegate.h */ = {isa = PBXFileReference; lastKnownFileType = sourcecode.c.h; path = SecondhandDAODelegate.h; sourceTree = "<group>"; };
		E93EDEB91CACD08F00252EF0 /* SecondhandDAO.h */ = {isa = PBXFileReference; fileEncoding = 4; lastKnownFileType = sourcecode.c.h; path = SecondhandDAO.h; sourceTree = "<group>"; };
		E93EDEBA1CACD08F00252EF0 /* SecondhandDAO.m */ = {isa = PBXFileReference; fileEncoding = 4; lastKnownFileType = sourcecode.c.objc; path = SecondhandDAO.m; sourceTree = "<group>"; };
		E93EDEBC1CAD0FC300252EF0 /* SecondhandBL.h */ = {isa = PBXFileReference; fileEncoding = 4; lastKnownFileType = sourcecode.c.h; path = SecondhandBL.h; sourceTree = "<group>"; };
		E93EDEBD1CAD0FC300252EF0 /* SecondhandBL.m */ = {isa = PBXFileReference; fileEncoding = 4; lastKnownFileType = sourcecode.c.objc; path = SecondhandBL.m; sourceTree = "<group>"; };
		E93EDEBF1CAD0FDF00252EF0 /* SecondhandBLDelegate.h */ = {isa = PBXFileReference; lastKnownFileType = sourcecode.c.h; path = SecondhandBLDelegate.h; sourceTree = "<group>"; };
		E952B6741CB5FD730075B6ED /* MenuCell.h */ = {isa = PBXFileReference; fileEncoding = 4; lastKnownFileType = sourcecode.c.h; path = MenuCell.h; sourceTree = "<group>"; };
		E952B6751CB5FD730075B6ED /* MenuCell.m */ = {isa = PBXFileReference; fileEncoding = 4; lastKnownFileType = sourcecode.c.objc; path = MenuCell.m; sourceTree = "<group>"; };
		E952B6771CB6069E0075B6ED /* SecondhandMenuFrameModel.h */ = {isa = PBXFileReference; fileEncoding = 4; lastKnownFileType = sourcecode.c.h; path = SecondhandMenuFrameModel.h; sourceTree = "<group>"; };
		E952B6781CB6069E0075B6ED /* SecondhandMenuFrameModel.m */ = {isa = PBXFileReference; fileEncoding = 4; lastKnownFileType = sourcecode.c.objc; path = SecondhandMenuFrameModel.m; sourceTree = "<group>"; };
		E9536C981CA7FFA20055720C /* FleaMarket.app */ = {isa = PBXFileReference; explicitFileType = wrapper.application; includeInIndex = 0; path = FleaMarket.app; sourceTree = BUILT_PRODUCTS_DIR; };
		E9536C9C1CA7FFA20055720C /* main.m */ = {isa = PBXFileReference; lastKnownFileType = sourcecode.c.objc; path = main.m; sourceTree = "<group>"; };
		E9536C9E1CA7FFA20055720C /* AppDelegate.h */ = {isa = PBXFileReference; lastKnownFileType = sourcecode.c.h; path = AppDelegate.h; sourceTree = "<group>"; };
		E9536C9F1CA7FFA20055720C /* AppDelegate.m */ = {isa = PBXFileReference; lastKnownFileType = sourcecode.c.objc; path = AppDelegate.m; sourceTree = "<group>"; };
		E9536CA51CA7FFA20055720C /* Base */ = {isa = PBXFileReference; lastKnownFileType = file.storyboard; name = Base; path = Base.lproj/Main.storyboard; sourceTree = "<group>"; };
		E9536CA81CA7FFA20055720C /* FleaMarket.xcdatamodel */ = {isa = PBXFileReference; lastKnownFileType = wrapper.xcdatamodel; path = FleaMarket.xcdatamodel; sourceTree = "<group>"; };
		E9536CAA1CA7FFA20055720C /* Assets.xcassets */ = {isa = PBXFileReference; lastKnownFileType = folder.assetcatalog; path = Assets.xcassets; sourceTree = "<group>"; };
		E9536CAD1CA7FFA20055720C /* Base */ = {isa = PBXFileReference; lastKnownFileType = file.storyboard; name = Base; path = Base.lproj/LaunchScreen.storyboard; sourceTree = "<group>"; };
		E9536CAF1CA7FFA20055720C /* Info.plist */ = {isa = PBXFileReference; lastKnownFileType = text.plist.xml; path = Info.plist; sourceTree = "<group>"; };
		E9536CB41CA7FFA20055720C /* FleaMarketTests.xctest */ = {isa = PBXFileReference; explicitFileType = wrapper.cfbundle; includeInIndex = 0; path = FleaMarketTests.xctest; sourceTree = BUILT_PRODUCTS_DIR; };
		E9536CB81CA7FFA20055720C /* FleaMarketTests.m */ = {isa = PBXFileReference; lastKnownFileType = sourcecode.c.objc; path = FleaMarketTests.m; sourceTree = "<group>"; };
		E9536CBA1CA7FFA20055720C /* Info.plist */ = {isa = PBXFileReference; lastKnownFileType = text.plist.xml; path = Info.plist; sourceTree = "<group>"; };
		E9536CBF1CA7FFA20055720C /* FleaMarketUITests.xctest */ = {isa = PBXFileReference; explicitFileType = wrapper.cfbundle; includeInIndex = 0; path = FleaMarketUITests.xctest; sourceTree = BUILT_PRODUCTS_DIR; };
		E9536CC31CA7FFA20055720C /* FleaMarketUITests.m */ = {isa = PBXFileReference; lastKnownFileType = sourcecode.c.objc; path = FleaMarketUITests.m; sourceTree = "<group>"; };
		E9536CC51CA7FFA20055720C /* Info.plist */ = {isa = PBXFileReference; lastKnownFileType = text.plist.xml; path = Info.plist; sourceTree = "<group>"; };
		E95589DB1CB3FDA3005DAB2C /* macpro1.jpg */ = {isa = PBXFileReference; lastKnownFileType = image.jpeg; path = macpro1.jpg; sourceTree = "<group>"; };
		E95589DD1CB3FDAD005DAB2C /* macpro2.jpg */ = {isa = PBXFileReference; lastKnownFileType = image.jpeg; path = macpro2.jpg; sourceTree = "<group>"; };
		E98346061CB0AE4B00C84150 /* Secondhand.plist */ = {isa = PBXFileReference; fileEncoding = 4; lastKnownFileType = text.plist.xml; name = Secondhand.plist; path = ../Secondhand.plist; sourceTree = "<group>"; };
		E98346081CB0B12700C84150 /* VOGroup.h */ = {isa = PBXFileReference; fileEncoding = 4; lastKnownFileType = sourcecode.c.h; path = VOGroup.h; sourceTree = "<group>"; };
		E98346091CB0B12700C84150 /* VOGroup.m */ = {isa = PBXFileReference; fileEncoding = 4; lastKnownFileType = sourcecode.c.objc; path = VOGroup.m; sourceTree = "<group>"; };
		E983460B1CB0C2F200C84150 /* ModelGroup.h */ = {isa = PBXFileReference; fileEncoding = 4; lastKnownFileType = sourcecode.c.h; path = ModelGroup.h; sourceTree = "<group>"; };
		E983460C1CB0C2F200C84150 /* ModelGroup.m */ = {isa = PBXFileReference; fileEncoding = 4; lastKnownFileType = sourcecode.c.objc; path = ModelGroup.m; sourceTree = "<group>"; };
		E983460E1CB0C30100C84150 /* statuses.plist */ = {isa = PBXFileReference; fileEncoding = 4; lastKnownFileType = text.plist.xml; path = statuses.plist; sourceTree = "<group>"; };
		E98346101CB0C3ED00C84150 /* MitchellModel.h */ = {isa = PBXFileReference; fileEncoding = 4; lastKnownFileType = sourcecode.c.h; path = MitchellModel.h; sourceTree = "<group>"; };
		E98346111CB0C3ED00C84150 /* MitchellModel.m */ = {isa = PBXFileReference; fileEncoding = 4; lastKnownFileType = sourcecode.c.objc; path = MitchellModel.m; sourceTree = "<group>"; };
		E9B5C5771CB3531C000D73BD /* MitchellCell.h */ = {isa = PBXFileReference; fileEncoding = 4; lastKnownFileType = sourcecode.c.h; path = MitchellCell.h; sourceTree = "<group>"; };
		E9B5C5781CB3531C000D73BD /* MitchellCell.m */ = {isa = PBXFileReference; fileEncoding = 4; lastKnownFileType = sourcecode.c.objc; path = MitchellCell.m; sourceTree = "<group>"; };
		E9B5C5791CB3531C000D73BD /* MitchellFrameModel.h */ = {isa = PBXFileReference; fileEncoding = 4; lastKnownFileType = sourcecode.c.h; path = MitchellFrameModel.h; sourceTree = "<group>"; };
		E9B5C57A1CB3531C000D73BD /* MitchellFrameModel.m */ = {isa = PBXFileReference; fileEncoding = 4; lastKnownFileType = sourcecode.c.objc; path = MitchellFrameModel.m; sourceTree = "<group>"; };
		E9C125321CA803B0005DE17C /* TonglmTestViewController.h */ = {isa = PBXFileReference; fileEncoding = 4; lastKnownFileType = sourcecode.c.h; path = TonglmTestViewController.h; sourceTree = "<group>"; };
		E9C125331CA803B0005DE17C /* TonglmTestViewController.m */ = {isa = PBXFileReference; fileEncoding = 4; lastKnownFileType = sourcecode.c.objc; path = TonglmTestViewController.m; sourceTree = "<group>"; };
		E9C125361CA91D38005DE17C /* SecondhandViewController.h */ = {isa = PBXFileReference; fileEncoding = 4; lastKnownFileType = sourcecode.c.h; path = SecondhandViewController.h; sourceTree = "<group>"; };
		E9C125371CA91D38005DE17C /* SecondhandViewController.m */ = {isa = PBXFileReference; fileEncoding = 4; lastKnownFileType = sourcecode.c.objc; path = SecondhandViewController.m; sourceTree = "<group>"; };
		E9C1253A1CA929B0005DE17C /* SecondhandCell.h */ = {isa = PBXFileReference; fileEncoding = 4; lastKnownFileType = sourcecode.c.h; path = SecondhandCell.h; sourceTree = "<group>"; };
		E9C1253B1CA929B0005DE17C /* SecondhandCell.m */ = {isa = PBXFileReference; fileEncoding = 4; lastKnownFileType = sourcecode.c.objc; path = SecondhandCell.m; sourceTree = "<group>"; };
		E9C125451CA9684C005DE17C /* SecondhandFrameModel.h */ = {isa = PBXFileReference; fileEncoding = 4; lastKnownFileType = sourcecode.c.h; path = SecondhandFrameModel.h; sourceTree = "<group>"; };
		E9C125461CA9684C005DE17C /* SecondhandFrameModel.m */ = {isa = PBXFileReference; fileEncoding = 4; lastKnownFileType = sourcecode.c.objc; path = SecondhandFrameModel.m; sourceTree = "<group>"; };
		FFCE24394E3098B6A18BDA9E /* Pods.debug.xcconfig */ = {isa = PBXFileReference; includeInIndex = 1; lastKnownFileType = text.xcconfig; name = Pods.debug.xcconfig; path = "Pods/Target Support Files/Pods/Pods.debug.xcconfig"; sourceTree = "<group>"; };
/* End PBXFileReference section */

/* Begin PBXFrameworksBuildPhase section */
		E9536C951CA7FFA20055720C /* Frameworks */ = {
			isa = PBXFrameworksBuildPhase;
			buildActionMask = 2147483647;
			files = (
				67EEF4FDF72B64D345936E2A /* libPods.a in Frameworks */,
			);
			runOnlyForDeploymentPostprocessing = 0;
		};
		E9536CB11CA7FFA20055720C /* Frameworks */ = {
			isa = PBXFrameworksBuildPhase;
			buildActionMask = 2147483647;
			files = (
			);
			runOnlyForDeploymentPostprocessing = 0;
		};
		E9536CBC1CA7FFA20055720C /* Frameworks */ = {
			isa = PBXFrameworksBuildPhase;
			buildActionMask = 2147483647;
			files = (
			);
			runOnlyForDeploymentPostprocessing = 0;
		};
/* End PBXFrameworksBuildPhase section */

/* Begin PBXGroup section */
		7DA2FA6F28682D0C8E9268C8 /* Frameworks */ = {
			isa = PBXGroup;
			children = (
				9C043454564A2788C3BF1ADE /* libPods.a */,
			);
			name = Frameworks;
			sourceTree = "<group>";
		};
		96FB6EDF1CBA613300452C35 /* firstPagePictures */ = {
			isa = PBXGroup;
			children = (
				96FB6F481CBA61CD00452C35 /* titBar@2x.png */,
				96FB6F3A1CBA61BD00452C35 /* scene2.jpg */,
				96FB6F3B1CBA61BD00452C35 /* scene3.jpg */,
				96FB6F3C1CBA61BD00452C35 /* scene4.jpg */,
				96FB6F3D1CBA61BD00452C35 /* scene5.jpg */,
				96FB6F3E1CBA61BD00452C35 /* scene7.jpg */,
				96FB6F3F1CBA61BD00452C35 /* scene8.jpg */,
				96FB6F401CBA61BD00452C35 /* search@2x.png */,
				96FB6F341CBA618600452C35 /* pic2.jpg */,
				96FB6F351CBA618600452C35 /* pic3.jpg */,
				96FB6F361CBA618600452C35 /* picFirstPag.jpg */,
				96FB6EE01CBA615700452C35 /* 001.png */,
				96FB6EE11CBA615700452C35 /* 1@2x.png */,
				96FB6EE21CBA615700452C35 /* 002.png */,
				96FB6EE31CBA615700452C35 /* 2@2x.png */,
				96FB6EE41CBA615700452C35 /* 3@2x.png */,
				96FB6EE51CBA615700452C35 /* 004.jpg */,
				96FB6EE61CBA615700452C35 /* 4@2x.png */,
				96FB6EE71CBA615700452C35 /* 005.jpg */,
				96FB6EE81CBA615700452C35 /* 5@2x.png */,
				96FB6EE91CBA615700452C35 /* 006.jpg */,
				96FB6EEA1CBA615700452C35 /* 6@2x.png */,
				96FB6EEB1CBA615700452C35 /* 007.jpg */,
				96FB6EEC1CBA615700452C35 /* 7@2x.png */,
				96FB6EED1CBA615700452C35 /* 008.jpg */,
				96FB6EEE1CBA615700452C35 /* 8@2x.png */,
				96FB6EEF1CBA615700452C35 /* 009.jpg */,
				96FB6EF01CBA615700452C35 /* 9@2x.png */,
				96FB6EF11CBA615700452C35 /* 010.png */,
				96FB6F501CBA620000452C35 /* headImage@2x.png */,
				96FB6EF21CBA615700452C35 /* alarm.PNG */,
				96FB6F061CBA617700452C35 /* ic_mine_activity@2x.png */,
				96FB6F071CBA617700452C35 /* ic_mine_comment@2x.png */,
				96FB6F081CBA617700452C35 /* ic_mine_coupon@2x.png */,
				96FB6F091CBA617700452C35 /* ic_mine_download@2x.png */,
				96FB6F0A1CBA617700452C35 /* ic_mine_favorite@2x.png */,
				96FB6F0B1CBA617700452C35 /* ic_mine_note@2x.png */,
				96FB6F0C1CBA617700452C35 /* ic_mine_order@2x.png */,
				96FB6F0D1CBA617700452C35 /* ic_mine_qa@2x.png */,
				96FB6F0E1CBA617700452C35 /* ic_mine_tourline@2x.png */,
				96FB6F0F1CBA617700452C35 /* ic_mine_want@2x.png */,
				96FB6F101CBA617700452C35 /* ic_mine_wengweng@2x.png */,
				96FB6F111CBA617700452C35 /* ic_point_travel_icon@2x.png */,
				96FB6F121CBA617700452C35 /* ic_tabbar_chat@2x.png */,
				96FB6F131CBA617700452C35 /* ic_tabbar_dicovery@2x.png */,
				96FB6F141CBA617700452C35 /* ic_tabbar_firstpage.png */,
				96FB6F151CBA617700452C35 /* ic_tabbar_local@2x.png */,
				96FB6F161CBA617700452C35 /* ic_tabbar_mall@2x.png */,
				96FB6F171CBA617700452C35 /* ic_tabbar_mine@2x.png */,
				96FB6F181CBA617700452C35 /* ic_tabbar_publish.jpg */,
				96FB6F191CBA617700452C35 /* ic_topbar_back_mdd@2x.png */,
				96FB6F1A1CBA617700452C35 /* ic_topbar_message_orange@2x.png */,
				96FB6F1B1CBA617700452C35 /* ic_topbar_setting_orange@2x.png */,
				96FB6F1C1CBA617700452C35 /* Icon-76@2x.png */,
			);
			name = firstPagePictures;
			sourceTree = "<group>";
		};
		C494F59E345867474E33B73D /* Pods */ = {
			isa = PBXGroup;
			children = (
				FFCE24394E3098B6A18BDA9E /* Pods.debug.xcconfig */,
				4B9FF095CDC62FF9BCCF72DB /* Pods.release.xcconfig */,
			);
			name = Pods;
			sourceTree = "<group>";
		};
		E91976911CB3952F0069D6E8 /* Resource */ = {
			isa = PBXGroup;
			children = (
				E95589DB1CB3FDA3005DAB2C /* macpro1.jpg */,
				E95589DD1CB3FDAD005DAB2C /* macpro2.jpg */,
				E91976991CB3B3260069D6E8 /* phone1.jpg */,
				E91976971CB3B3210069D6E8 /* phone2.jpg */,
				E91976951CB3B31B0069D6E8 /* phone3.jpg */,
				E91976921CB3953C0069D6E8 /* Default.png */,
			);
			name = Resource;
			sourceTree = "<group>";
		};
		E93BC4201CB738BA00B42C4A /* MenuButton */ = {
			isa = PBXGroup;
			children = (
				E93BC4211CB73A3000B42C4A /* MenuButton.h */,
				E93BC4221CB73A3000B42C4A /* MenuButton.m */,
			);
			name = MenuButton;
			sourceTree = "<group>";
		};
		E9536C8F1CA7FFA20055720C = {
			isa = PBXGroup;
			children = (
				E9C125301CA80364005DE17C /* BusinessLogicLayer */,
				E9C1252F1CA80359005DE17C /* PersistenceLayer */,
				E9536C9A1CA7FFA20055720C /* FleaMarket */,
				E9536CB71CA7FFA20055720C /* FleaMarketTests */,
				E9536CC21CA7FFA20055720C /* FleaMarketUITests */,
				E9536C991CA7FFA20055720C /* Products */,
				C494F59E345867474E33B73D /* Pods */,
				7DA2FA6F28682D0C8E9268C8 /* Frameworks */,
			);
			sourceTree = "<group>";
		};
		E9536C991CA7FFA20055720C /* Products */ = {
			isa = PBXGroup;
			children = (
				E9536C981CA7FFA20055720C /* FleaMarket.app */,
				E9536CB41CA7FFA20055720C /* FleaMarketTests.xctest */,
				E9536CBF1CA7FFA20055720C /* FleaMarketUITests.xctest */,
			);
			name = Products;
			sourceTree = "<group>";
		};
		E9536C9A1CA7FFA20055720C /* FleaMarket */ = {
			isa = PBXGroup;
			children = (
				E91976911CB3952F0069D6E8 /* Resource */,
				E9C125351CA91D01005DE17C /* Secondhand */,
				E9C125311CA80389005DE17C /* TongleimingTest */,
				E9536C9E1CA7FFA20055720C /* AppDelegate.h */,
				E9536C9F1CA7FFA20055720C /* AppDelegate.m */,
				96FB6F581CBA625E00452C35 /* ViewController.h */,
				96FB6F591CBA625E00452C35 /* ViewController.m */,
				96FB6F4A1CBA61E800452C35 /* chatVC.h */,
				96FB6F4B1CBA61E800452C35 /* chatVC.m */,
				96FB6F4D1CBA61F200452C35 /* firstPageVC.h */,
				96FB6F4E1CBA61F200452C35 /* firstPageVC.m */,
				96FB6F521CBA621400452C35 /* myVC.h */,
				96FB6F531CBA621400452C35 /* myVC.m */,
				96FB6F551CBA621D00452C35 /* publishVC.h */,
				96FB6F561CBA621D00452C35 /* publishVC.m */,
				96FB6EDF1CBA613300452C35 /* firstPagePictures */,
				E9536CA41CA7FFA20055720C /* Main.storyboard */,
				E9536CAA1CA7FFA20055720C /* Assets.xcassets */,
				E9536CAC1CA7FFA20055720C /* LaunchScreen.storyboard */,
				E9536CAF1CA7FFA20055720C /* Info.plist */,
				E9536CA71CA7FFA20055720C /* FleaMarket.xcdatamodeld */,
				E9536C9B1CA7FFA20055720C /* Supporting Files */,
			);
			path = FleaMarket;
			sourceTree = "<group>";
		};
		E9536C9B1CA7FFA20055720C /* Supporting Files */ = {
			isa = PBXGroup;
			children = (
				96FB6F5B1CBA661C00452C35 /* FleaMarket_PrefixHeader.pch */,
				E9536C9C1CA7FFA20055720C /* main.m */,
			);
			name = "Supporting Files";
			sourceTree = "<group>";
		};
		E9536CB71CA7FFA20055720C /* FleaMarketTests */ = {
			isa = PBXGroup;
			children = (
				E9536CB81CA7FFA20055720C /* FleaMarketTests.m */,
				E9536CBA1CA7FFA20055720C /* Info.plist */,
			);
			path = FleaMarketTests;
			sourceTree = "<group>";
		};
		E9536CC21CA7FFA20055720C /* FleaMarketUITests */ = {
			isa = PBXGroup;
			children = (
				E9536CC31CA7FFA20055720C /* FleaMarketUITests.m */,
				E9536CC51CA7FFA20055720C /* Info.plist */,
			);
			path = FleaMarketUITests;
			sourceTree = "<group>";
		};
		E9B5C5761CB34386000D73BD /* User */ = {
			isa = PBXGroup;
			children = (
				E93EDEAA1CACC2BB00252EF0 /* UserVO.h */,
				E93EDEAB1CACC2BB00252EF0 /* UserVO.m */,
				E93EDEB01CACC58A00252EF0 /* UserDAO.h */,
				E93EDEB11CACC58A00252EF0 /* UserDAO.m */,
				E93EDEB61CACC6E800252EF0 /* UserDAODelegate.h */,
			);
			name = User;
			sourceTree = "<group>";
		};
		E9C1252F1CA80359005DE17C /* PersistenceLayer */ = {
			isa = PBXGroup;
			children = (
				E9B5C5761CB34386000D73BD /* User */,
				E9C1253D1CA965B9005DE17C /* Secondhand */,
			);
			name = PersistenceLayer;
			sourceTree = "<group>";
		};
		E9C125301CA80364005DE17C /* BusinessLogicLayer */ = {
			isa = PBXGroup;
			children = (
				E93EDEBC1CAD0FC300252EF0 /* SecondhandBL.h */,
				E93EDEBD1CAD0FC300252EF0 /* SecondhandBL.m */,
				E93EDEBF1CAD0FDF00252EF0 /* SecondhandBLDelegate.h */,
			);
			name = BusinessLogicLayer;
			sourceTree = "<group>";
		};
		E9C125311CA80389005DE17C /* TongleimingTest */ = {
			isa = PBXGroup;
			children = (
				E9B5C5771CB3531C000D73BD /* MitchellCell.h */,
				E9B5C5781CB3531C000D73BD /* MitchellCell.m */,
				E9B5C5791CB3531C000D73BD /* MitchellFrameModel.h */,
				E9B5C57A1CB3531C000D73BD /* MitchellFrameModel.m */,
				E98346061CB0AE4B00C84150 /* Secondhand.plist */,
				E98346101CB0C3ED00C84150 /* MitchellModel.h */,
				E98346111CB0C3ED00C84150 /* MitchellModel.m */,
				E983460E1CB0C30100C84150 /* statuses.plist */,
				E983460B1CB0C2F200C84150 /* ModelGroup.h */,
				E983460C1CB0C2F200C84150 /* ModelGroup.m */,
				E9C125321CA803B0005DE17C /* TonglmTestViewController.h */,
				E9C125331CA803B0005DE17C /* TonglmTestViewController.m */,
				E91976941CB398040069D6E8 /* Help.h */,
			);
			name = TongleimingTest;
			sourceTree = "<group>";
		};
		E9C125351CA91D01005DE17C /* Secondhand */ = {
			isa = PBXGroup;
			children = (
				E93BC4201CB738BA00B42C4A /* MenuButton */,
				E9C125391CA9297B005DE17C /* Cell */,
				E9C125451CA9684C005DE17C /* SecondhandFrameModel.h */,
				E9C125461CA9684C005DE17C /* SecondhandFrameModel.m */,
				E9C125361CA91D38005DE17C /* SecondhandViewController.h */,
				E9C125371CA91D38005DE17C /* SecondhandViewController.m */,
				E952B6771CB6069E0075B6ED /* SecondhandMenuFrameModel.h */,
				E952B6781CB6069E0075B6ED /* SecondhandMenuFrameModel.m */,
			);
			name = Secondhand;
			sourceTree = "<group>";
		};
		E9C125391CA9297B005DE17C /* Cell */ = {
			isa = PBXGroup;
			children = (
				E9C1253A1CA929B0005DE17C /* SecondhandCell.h */,
				E9C1253B1CA929B0005DE17C /* SecondhandCell.m */,
				E952B6741CB5FD730075B6ED /* MenuCell.h */,
				E952B6751CB5FD730075B6ED /* MenuCell.m */,
			);
			name = Cell;
			sourceTree = "<group>";
		};
		E9C1253D1CA965B9005DE17C /* Secondhand */ = {
			isa = PBXGroup;
			children = (
				E93EDEB81CACCFA600252EF0 /* SecondhandDAODelegate.h */,
				E93EDEB91CACD08F00252EF0 /* SecondhandDAO.h */,
				E93EDEBA1CACD08F00252EF0 /* SecondhandDAO.m */,
				E93EDEAD1CACC3C600252EF0 /* SecondhandVO.h */,
				E93EDEAE1CACC3C600252EF0 /* SecondhandVO.m */,
				E98346081CB0B12700C84150 /* VOGroup.h */,
				E98346091CB0B12700C84150 /* VOGroup.m */,
			);
			name = Secondhand;
			sourceTree = "<group>";
		};
/* End PBXGroup section */

/* Begin PBXNativeTarget section */
		E9536C971CA7FFA20055720C /* FleaMarket */ = {
			isa = PBXNativeTarget;
			buildConfigurationList = E9536CC81CA7FFA20055720C /* Build configuration list for PBXNativeTarget "FleaMarket" */;
			buildPhases = (
				C5B8A50AC30CB1E25290F899 /* Check Pods Manifest.lock */,
				E9536C941CA7FFA20055720C /* Sources */,
				E9536C951CA7FFA20055720C /* Frameworks */,
				E9536C961CA7FFA20055720C /* Resources */,
				FA25FD54598804D4ADFD7567 /* Embed Pods Frameworks */,
				A70E5420AB5C9C42D8CE2690 /* Copy Pods Resources */,
			);
			buildRules = (
			);
			dependencies = (
			);
			name = FleaMarket;
			productName = FleaMarket;
			productReference = E9536C981CA7FFA20055720C /* FleaMarket.app */;
			productType = "com.apple.product-type.application";
		};
		E9536CB31CA7FFA20055720C /* FleaMarketTests */ = {
			isa = PBXNativeTarget;
			buildConfigurationList = E9536CCB1CA7FFA20055720C /* Build configuration list for PBXNativeTarget "FleaMarketTests" */;
			buildPhases = (
				E9536CB01CA7FFA20055720C /* Sources */,
				E9536CB11CA7FFA20055720C /* Frameworks */,
				E9536CB21CA7FFA20055720C /* Resources */,
			);
			buildRules = (
			);
			dependencies = (
				E9536CB61CA7FFA20055720C /* PBXTargetDependency */,
			);
			name = FleaMarketTests;
			productName = FleaMarketTests;
			productReference = E9536CB41CA7FFA20055720C /* FleaMarketTests.xctest */;
			productType = "com.apple.product-type.bundle.unit-test";
		};
		E9536CBE1CA7FFA20055720C /* FleaMarketUITests */ = {
			isa = PBXNativeTarget;
			buildConfigurationList = E9536CCE1CA7FFA20055720C /* Build configuration list for PBXNativeTarget "FleaMarketUITests" */;
			buildPhases = (
				E9536CBB1CA7FFA20055720C /* Sources */,
				E9536CBC1CA7FFA20055720C /* Frameworks */,
				E9536CBD1CA7FFA20055720C /* Resources */,
			);
			buildRules = (
			);
			dependencies = (
				E9536CC11CA7FFA20055720C /* PBXTargetDependency */,
			);
			name = FleaMarketUITests;
			productName = FleaMarketUITests;
			productReference = E9536CBF1CA7FFA20055720C /* FleaMarketUITests.xctest */;
			productType = "com.apple.product-type.bundle.ui-testing";
		};
/* End PBXNativeTarget section */

/* Begin PBXProject section */
		E9536C901CA7FFA20055720C /* Project object */ = {
			isa = PBXProject;
			attributes = {
				LastUpgradeCheck = 0720;
				ORGANIZATIONNAME = "H-T";
				TargetAttributes = {
					E9536C971CA7FFA20055720C = {
						CreatedOnToolsVersion = 7.2;
					};
					E9536CB31CA7FFA20055720C = {
						CreatedOnToolsVersion = 7.2;
						TestTargetID = E9536C971CA7FFA20055720C;
					};
					E9536CBE1CA7FFA20055720C = {
						CreatedOnToolsVersion = 7.2;
						TestTargetID = E9536C971CA7FFA20055720C;
					};
				};
			};
			buildConfigurationList = E9536C931CA7FFA20055720C /* Build configuration list for PBXProject "FleaMarket" */;
			compatibilityVersion = "Xcode 3.2";
			developmentRegion = English;
			hasScannedForEncodings = 0;
			knownRegions = (
				en,
				Base,
			);
			mainGroup = E9536C8F1CA7FFA20055720C;
			productRefGroup = E9536C991CA7FFA20055720C /* Products */;
			projectDirPath = "";
			projectRoot = "";
			targets = (
				E9536C971CA7FFA20055720C /* FleaMarket */,
				E9536CB31CA7FFA20055720C /* FleaMarketTests */,
				E9536CBE1CA7FFA20055720C /* FleaMarketUITests */,
			);
		};
/* End PBXProject section */

/* Begin PBXResourcesBuildPhase section */
		E9536C961CA7FFA20055720C /* Resources */ = {
			isa = PBXResourcesBuildPhase;
			buildActionMask = 2147483647;
			files = (
				E9536CAE1CA7FFA20055720C /* LaunchScreen.storyboard in Resources */,
				96FB6F211CBA617700452C35 /* ic_mine_favorite@2x.png in Resources */,
				E91976931CB3953C0069D6E8 /* Default.png in Resources */,
				96FB6F1F1CBA617700452C35 /* ic_mine_coupon@2x.png in Resources */,
				96FB6F2C1CBA617700452C35 /* ic_tabbar_local@2x.png in Resources */,
				96FB6F031CBA615700452C35 /* 9@2x.png in Resources */,
				96FB6F431CBA61BD00452C35 /* scene4.jpg in Resources */,
				96FB6F2A1CBA617700452C35 /* ic_tabbar_dicovery@2x.png in Resources */,
				96FB6EFB1CBA615700452C35 /* 5@2x.png in Resources */,
				96FB6F201CBA617700452C35 /* ic_mine_download@2x.png in Resources */,
				96FB6F271CBA617700452C35 /* ic_mine_wengweng@2x.png in Resources */,
				96FB6EF51CBA615700452C35 /* 002.png in Resources */,
				96FB6F321CBA617700452C35 /* ic_topbar_setting_orange@2x.png in Resources */,
				E98346071CB0AE4B00C84150 /* Secondhand.plist in Resources */,
				96FB6EF31CBA615700452C35 /* 001.png in Resources */,
				96FB6F041CBA615700452C35 /* 010.png in Resources */,
				96FB6F491CBA61CD00452C35 /* titBar@2x.png in Resources */,
				E983460F1CB0C30100C84150 /* statuses.plist in Resources */,
				96FB6F001CBA615700452C35 /* 008.jpg in Resources */,
				96FB6F261CBA617700452C35 /* ic_mine_want@2x.png in Resources */,
				96FB6F331CBA617700452C35 /* Icon-76@2x.png in Resources */,
				96FB6F2E1CBA617700452C35 /* ic_tabbar_mine@2x.png in Resources */,
				96FB6EFD1CBA615700452C35 /* 6@2x.png in Resources */,
				96FB6F021CBA615700452C35 /* 009.jpg in Resources */,
				96FB6EFA1CBA615700452C35 /* 005.jpg in Resources */,
				96FB6F291CBA617700452C35 /* ic_tabbar_chat@2x.png in Resources */,
				96FB6EF81CBA615700452C35 /* 004.jpg in Resources */,
				E91976981CB3B3210069D6E8 /* phone2.jpg in Resources */,
				96FB6F511CBA620000452C35 /* headImage@2x.png in Resources */,
				E9536CAB1CA7FFA20055720C /* Assets.xcassets in Resources */,
				96FB6F2D1CBA617700452C35 /* ic_tabbar_mall@2x.png in Resources */,
				96FB6EFF1CBA615700452C35 /* 7@2x.png in Resources */,
				96FB6F051CBA615700452C35 /* alarm.PNG in Resources */,
				96FB6EF91CBA615700452C35 /* 4@2x.png in Resources */,
				96FB6F301CBA617700452C35 /* ic_topbar_back_mdd@2x.png in Resources */,
				96FB6F011CBA615700452C35 /* 8@2x.png in Resources */,
				96FB6EFC1CBA615700452C35 /* 006.jpg in Resources */,
				96FB6EF71CBA615700452C35 /* 3@2x.png in Resources */,
				96FB6F221CBA617700452C35 /* ic_mine_note@2x.png in Resources */,
				96FB6F1D1CBA617700452C35 /* ic_mine_activity@2x.png in Resources */,
				E95589DE1CB3FDAD005DAB2C /* macpro2.jpg in Resources */,
				E95589DC1CB3FDA3005DAB2C /* macpro1.jpg in Resources */,
				96FB6F2B1CBA617700452C35 /* ic_tabbar_firstpage.png in Resources */,
				96FB6F2F1CBA617700452C35 /* ic_tabbar_publish.jpg in Resources */,
				96FB6F231CBA617700452C35 /* ic_mine_order@2x.png in Resources */,
				96FB6F461CBA61BD00452C35 /* scene8.jpg in Resources */,
				96FB6F281CBA617700452C35 /* ic_point_travel_icon@2x.png in Resources */,
				96FB6F471CBA61BD00452C35 /* search@2x.png in Resources */,
				96FB6F411CBA61BD00452C35 /* scene2.jpg in Resources */,
				96FB6F311CBA617700452C35 /* ic_topbar_message_orange@2x.png in Resources */,
				96FB6F1E1CBA617700452C35 /* ic_mine_comment@2x.png in Resources */,
				96FB6F241CBA617700452C35 /* ic_mine_qa@2x.png in Resources */,
				E9536CA61CA7FFA20055720C /* Main.storyboard in Resources */,
				96FB6F451CBA61BD00452C35 /* scene7.jpg in Resources */,
				96FB6F251CBA617700452C35 /* ic_mine_tourline@2x.png in Resources */,
				E91976961CB3B31B0069D6E8 /* phone3.jpg in Resources */,
				96FB6F421CBA61BD00452C35 /* scene3.jpg in Resources */,
				96FB6F441CBA61BD00452C35 /* scene5.jpg in Resources */,
				96FB6F371CBA618600452C35 /* pic2.jpg in Resources */,
				96FB6F391CBA618600452C35 /* picFirstPag.jpg in Resources */,
				96FB6EF61CBA615700452C35 /* 2@2x.png in Resources */,
				96FB6F381CBA618600452C35 /* pic3.jpg in Resources */,
				96FB6EF41CBA615700452C35 /* 1@2x.png in Resources */,
				E919769A1CB3B3260069D6E8 /* phone1.jpg in Resources */,
				96FB6EFE1CBA615700452C35 /* 007.jpg in Resources */,
			);
			runOnlyForDeploymentPostprocessing = 0;
		};
		E9536CB21CA7FFA20055720C /* Resources */ = {
			isa = PBXResourcesBuildPhase;
			buildActionMask = 2147483647;
			files = (
			);
			runOnlyForDeploymentPostprocessing = 0;
		};
		E9536CBD1CA7FFA20055720C /* Resources */ = {
			isa = PBXResourcesBuildPhase;
			buildActionMask = 2147483647;
			files = (
			);
			runOnlyForDeploymentPostprocessing = 0;
		};
/* End PBXResourcesBuildPhase section */

/* Begin PBXShellScriptBuildPhase section */
		A70E5420AB5C9C42D8CE2690 /* Copy Pods Resources */ = {
			isa = PBXShellScriptBuildPhase;
			buildActionMask = 2147483647;
			files = (
			);
			inputPaths = (
			);
			name = "Copy Pods Resources";
			outputPaths = (
			);
			runOnlyForDeploymentPostprocessing = 0;
			shellPath = /bin/sh;
			shellScript = "\"${SRCROOT}/Pods/Target Support Files/Pods/Pods-resources.sh\"\n";
			showEnvVarsInLog = 0;
		};
		C5B8A50AC30CB1E25290F899 /* Check Pods Manifest.lock */ = {
			isa = PBXShellScriptBuildPhase;
			buildActionMask = 2147483647;
			files = (
			);
			inputPaths = (
			);
			name = "Check Pods Manifest.lock";
			outputPaths = (
			);
			runOnlyForDeploymentPostprocessing = 0;
			shellPath = /bin/sh;
			shellScript = "diff \"${PODS_ROOT}/../Podfile.lock\" \"${PODS_ROOT}/Manifest.lock\" > /dev/null\nif [[ $? != 0 ]] ; then\n    cat << EOM\nerror: The sandbox is not in sync with the Podfile.lock. Run 'pod install' or update your CocoaPods installation.\nEOM\n    exit 1\nfi\n";
			showEnvVarsInLog = 0;
		};
		FA25FD54598804D4ADFD7567 /* Embed Pods Frameworks */ = {
			isa = PBXShellScriptBuildPhase;
			buildActionMask = 2147483647;
			files = (
			);
			inputPaths = (
			);
			name = "Embed Pods Frameworks";
			outputPaths = (
			);
			runOnlyForDeploymentPostprocessing = 0;
			shellPath = /bin/sh;
			shellScript = "\"${SRCROOT}/Pods/Target Support Files/Pods/Pods-frameworks.sh\"\n";
			showEnvVarsInLog = 0;
		};
/* End PBXShellScriptBuildPhase section */

/* Begin PBXSourcesBuildPhase section */
		E9536C941CA7FFA20055720C /* Sources */ = {
			isa = PBXSourcesBuildPhase;
			buildActionMask = 2147483647;
			files = (
				E9C1253C1CA929B0005DE17C /* SecondhandCell.m in Sources */,
				E93EDEAF1CACC3C600252EF0 /* SecondhandVO.m in Sources */,
				E9C125381CA91D38005DE17C /* SecondhandViewController.m in Sources */,
				E9C125341CA803B0005DE17C /* TonglmTestViewController.m in Sources */,
				E9B5C57C1CB3531C000D73BD /* MitchellFrameModel.m in Sources */,
				E983460D1CB0C2F200C84150 /* ModelGroup.m in Sources */,
				E9C125471CA9684C005DE17C /* SecondhandFrameModel.m in Sources */,
				E93EDEBE1CAD0FC300252EF0 /* SecondhandBL.m in Sources */,
				96FB6F4F1CBA61F200452C35 /* firstPageVC.m in Sources */,
				E9536CA01CA7FFA20055720C /* AppDelegate.m in Sources */,
				E93EDEB21CACC58A00252EF0 /* UserDAO.m in Sources */,
				E93BC4231CB73A3000B42C4A /* MenuButton.m in Sources */,
				E983460A1CB0B12700C84150 /* VOGroup.m in Sources */,
				E9536C9D1CA7FFA20055720C /* main.m in Sources */,
				E952B6791CB6069E0075B6ED /* SecondhandMenuFrameModel.m in Sources */,
				96FB6F541CBA621400452C35 /* myVC.m in Sources */,
				E952B6761CB5FD730075B6ED /* MenuCell.m in Sources */,
				96FB6F571CBA621D00452C35 /* publishVC.m in Sources */,
				96FB6F4C1CBA61E800452C35 /* chatVC.m in Sources */,
				E9B5C57B1CB3531C000D73BD /* MitchellCell.m in Sources */,
				E93EDEBB1CACD08F00252EF0 /* SecondhandDAO.m in Sources */,
				E98346121CB0C3ED00C84150 /* MitchellModel.m in Sources */,
				E9536CA91CA7FFA20055720C /* FleaMarket.xcdatamodeld in Sources */,
				E93EDEAC1CACC2BB00252EF0 /* UserVO.m in Sources */,
				96FB6F5A1CBA625E00452C35 /* ViewController.m in Sources */,
			);
			runOnlyForDeploymentPostprocessing = 0;
		};
		E9536CB01CA7FFA20055720C /* Sources */ = {
			isa = PBXSourcesBuildPhase;
			buildActionMask = 2147483647;
			files = (
				E9536CB91CA7FFA20055720C /* FleaMarketTests.m in Sources */,
			);
			runOnlyForDeploymentPostprocessing = 0;
		};
		E9536CBB1CA7FFA20055720C /* Sources */ = {
			isa = PBXSourcesBuildPhase;
			buildActionMask = 2147483647;
			files = (
				E9536CC41CA7FFA20055720C /* FleaMarketUITests.m in Sources */,
			);
			runOnlyForDeploymentPostprocessing = 0;
		};
/* End PBXSourcesBuildPhase section */

/* Begin PBXTargetDependency section */
		E9536CB61CA7FFA20055720C /* PBXTargetDependency */ = {
			isa = PBXTargetDependency;
			target = E9536C971CA7FFA20055720C /* FleaMarket */;
			targetProxy = E9536CB51CA7FFA20055720C /* PBXContainerItemProxy */;
		};
		E9536CC11CA7FFA20055720C /* PBXTargetDependency */ = {
			isa = PBXTargetDependency;
			target = E9536C971CA7FFA20055720C /* FleaMarket */;
			targetProxy = E9536CC01CA7FFA20055720C /* PBXContainerItemProxy */;
		};
/* End PBXTargetDependency section */

/* Begin PBXVariantGroup section */
		E9536CA41CA7FFA20055720C /* Main.storyboard */ = {
			isa = PBXVariantGroup;
			children = (
				E9536CA51CA7FFA20055720C /* Base */,
			);
			name = Main.storyboard;
			sourceTree = "<group>";
		};
		E9536CAC1CA7FFA20055720C /* LaunchScreen.storyboard */ = {
			isa = PBXVariantGroup;
			children = (
				E9536CAD1CA7FFA20055720C /* Base */,
			);
			name = LaunchScreen.storyboard;
			sourceTree = "<group>";
		};
/* End PBXVariantGroup section */

/* Begin XCBuildConfiguration section */
		E9536CC61CA7FFA20055720C /* Debug */ = {
			isa = XCBuildConfiguration;
			buildSettings = {
				ALWAYS_SEARCH_USER_PATHS = NO;
				CLANG_CXX_LANGUAGE_STANDARD = "gnu++0x";
				CLANG_CXX_LIBRARY = "libc++";
				CLANG_ENABLE_MODULES = YES;
				CLANG_ENABLE_OBJC_ARC = YES;
				CLANG_WARN_BOOL_CONVERSION = YES;
				CLANG_WARN_CONSTANT_CONVERSION = YES;
				CLANG_WARN_DIRECT_OBJC_ISA_USAGE = YES_ERROR;
				CLANG_WARN_EMPTY_BODY = YES;
				CLANG_WARN_ENUM_CONVERSION = YES;
				CLANG_WARN_INT_CONVERSION = YES;
				CLANG_WARN_OBJC_ROOT_CLASS = YES_ERROR;
				CLANG_WARN_UNREACHABLE_CODE = YES;
				CLANG_WARN__DUPLICATE_METHOD_MATCH = YES;
				"CODE_SIGN_IDENTITY[sdk=iphoneos*]" = "iPhone Developer";
				COPY_PHASE_STRIP = NO;
				DEBUG_INFORMATION_FORMAT = dwarf;
				ENABLE_STRICT_OBJC_MSGSEND = YES;
				ENABLE_TESTABILITY = YES;
				GCC_C_LANGUAGE_STANDARD = gnu99;
				GCC_DYNAMIC_NO_PIC = NO;
				GCC_NO_COMMON_BLOCKS = YES;
				GCC_OPTIMIZATION_LEVEL = 0;
				GCC_PREPROCESSOR_DEFINITIONS = (
					"DEBUG=1",
					"$(inherited)",
				);
				GCC_WARN_64_TO_32_BIT_CONVERSION = YES;
				GCC_WARN_ABOUT_RETURN_TYPE = YES_ERROR;
				GCC_WARN_UNDECLARED_SELECTOR = YES;
				GCC_WARN_UNINITIALIZED_AUTOS = YES_AGGRESSIVE;
				GCC_WARN_UNUSED_FUNCTION = YES;
				GCC_WARN_UNUSED_VARIABLE = YES;
				IPHONEOS_DEPLOYMENT_TARGET = 9.2;
				MTL_ENABLE_DEBUG_INFO = YES;
				ONLY_ACTIVE_ARCH = YES;
				SDKROOT = iphoneos;
				TARGETED_DEVICE_FAMILY = "1,2";
			};
			name = Debug;
		};
		E9536CC71CA7FFA20055720C /* Release */ = {
			isa = XCBuildConfiguration;
			buildSettings = {
				ALWAYS_SEARCH_USER_PATHS = NO;
				CLANG_CXX_LANGUAGE_STANDARD = "gnu++0x";
				CLANG_CXX_LIBRARY = "libc++";
				CLANG_ENABLE_MODULES = YES;
				CLANG_ENABLE_OBJC_ARC = YES;
				CLANG_WARN_BOOL_CONVERSION = YES;
				CLANG_WARN_CONSTANT_CONVERSION = YES;
				CLANG_WARN_DIRECT_OBJC_ISA_USAGE = YES_ERROR;
				CLANG_WARN_EMPTY_BODY = YES;
				CLANG_WARN_ENUM_CONVERSION = YES;
				CLANG_WARN_INT_CONVERSION = YES;
				CLANG_WARN_OBJC_ROOT_CLASS = YES_ERROR;
				CLANG_WARN_UNREACHABLE_CODE = YES;
				CLANG_WARN__DUPLICATE_METHOD_MATCH = YES;
				"CODE_SIGN_IDENTITY[sdk=iphoneos*]" = "iPhone Developer";
				COPY_PHASE_STRIP = NO;
				DEBUG_INFORMATION_FORMAT = "dwarf-with-dsym";
				ENABLE_NS_ASSERTIONS = NO;
				ENABLE_STRICT_OBJC_MSGSEND = YES;
				GCC_C_LANGUAGE_STANDARD = gnu99;
				GCC_NO_COMMON_BLOCKS = YES;
				GCC_WARN_64_TO_32_BIT_CONVERSION = YES;
				GCC_WARN_ABOUT_RETURN_TYPE = YES_ERROR;
				GCC_WARN_UNDECLARED_SELECTOR = YES;
				GCC_WARN_UNINITIALIZED_AUTOS = YES_AGGRESSIVE;
				GCC_WARN_UNUSED_FUNCTION = YES;
				GCC_WARN_UNUSED_VARIABLE = YES;
				IPHONEOS_DEPLOYMENT_TARGET = 9.2;
				MTL_ENABLE_DEBUG_INFO = NO;
				SDKROOT = iphoneos;
				TARGETED_DEVICE_FAMILY = "1,2";
				VALIDATE_PRODUCT = YES;
			};
			name = Release;
		};
		E9536CC91CA7FFA20055720C /* Debug */ = {
			isa = XCBuildConfiguration;
			baseConfigurationReference = FFCE24394E3098B6A18BDA9E /* Pods.debug.xcconfig */;
			buildSettings = {
				ASSETCATALOG_COMPILER_APPICON_NAME = AppIcon;
				GCC_PREFIX_HEADER = FleaMarket/FleaMarket_PrefixHeader.pch;
				INFOPLIST_FILE = FleaMarket/Info.plist;
				IPHONEOS_DEPLOYMENT_TARGET = 9.3;
				LD_RUNPATH_SEARCH_PATHS = "$(inherited) @executable_path/Frameworks";
				PRODUCT_BUNDLE_IDENTIFIER = "H-T.FleaMarket";
				PRODUCT_NAME = "$(TARGET_NAME)";
			};
			name = Debug;
		};
		E9536CCA1CA7FFA20055720C /* Release */ = {
			isa = XCBuildConfiguration;
			baseConfigurationReference = 4B9FF095CDC62FF9BCCF72DB /* Pods.release.xcconfig */;
			buildSettings = {
				ASSETCATALOG_COMPILER_APPICON_NAME = AppIcon;
				GCC_PREFIX_HEADER = FleaMarket/FleaMarket_PrefixHeader.pch;
				INFOPLIST_FILE = FleaMarket/Info.plist;
				IPHONEOS_DEPLOYMENT_TARGET = 9.3;
				LD_RUNPATH_SEARCH_PATHS = "$(inherited) @executable_path/Frameworks";
				PRODUCT_BUNDLE_IDENTIFIER = "H-T.FleaMarket";
				PRODUCT_NAME = "$(TARGET_NAME)";
			};
			name = Release;
		};
		E9536CCC1CA7FFA20055720C /* Debug */ = {
			isa = XCBuildConfiguration;
			buildSettings = {
				BUNDLE_LOADER = "$(TEST_HOST)";
				INFOPLIST_FILE = FleaMarketTests/Info.plist;
				LD_RUNPATH_SEARCH_PATHS = "$(inherited) @executable_path/Frameworks @loader_path/Frameworks";
				PRODUCT_BUNDLE_IDENTIFIER = "H-T.FleaMarketTests";
				PRODUCT_NAME = "$(TARGET_NAME)";
				TEST_HOST = "$(BUILT_PRODUCTS_DIR)/FleaMarket.app/FleaMarket";
			};
			name = Debug;
		};
		E9536CCD1CA7FFA20055720C /* Release */ = {
			isa = XCBuildConfiguration;
			buildSettings = {
				BUNDLE_LOADER = "$(TEST_HOST)";
				INFOPLIST_FILE = FleaMarketTests/Info.plist;
				LD_RUNPATH_SEARCH_PATHS = "$(inherited) @executable_path/Frameworks @loader_path/Frameworks";
				PRODUCT_BUNDLE_IDENTIFIER = "H-T.FleaMarketTests";
				PRODUCT_NAME = "$(TARGET_NAME)";
				TEST_HOST = "$(BUILT_PRODUCTS_DIR)/FleaMarket.app/FleaMarket";
			};
			name = Release;
		};
		E9536CCF1CA7FFA20055720C /* Debug */ = {
			isa = XCBuildConfiguration;
			buildSettings = {
				INFOPLIST_FILE = FleaMarketUITests/Info.plist;
				LD_RUNPATH_SEARCH_PATHS = "$(inherited) @executable_path/Frameworks @loader_path/Frameworks";
				PRODUCT_BUNDLE_IDENTIFIER = "H-T.FleaMarketUITests";
				PRODUCT_NAME = "$(TARGET_NAME)";
				TEST_TARGET_NAME = FleaMarket;
				USES_XCTRUNNER = YES;
			};
			name = Debug;
		};
		E9536CD01CA7FFA20055720C /* Release */ = {
			isa = XCBuildConfiguration;
			buildSettings = {
				INFOPLIST_FILE = FleaMarketUITests/Info.plist;
				LD_RUNPATH_SEARCH_PATHS = "$(inherited) @executable_path/Frameworks @loader_path/Frameworks";
				PRODUCT_BUNDLE_IDENTIFIER = "H-T.FleaMarketUITests";
				PRODUCT_NAME = "$(TARGET_NAME)";
				TEST_TARGET_NAME = FleaMarket;
				USES_XCTRUNNER = YES;
			};
			name = Release;
		};
/* End XCBuildConfiguration section */

/* Begin XCConfigurationList section */
		E9536C931CA7FFA20055720C /* Build configuration list for PBXProject "FleaMarket" */ = {
			isa = XCConfigurationList;
			buildConfigurations = (
				E9536CC61CA7FFA20055720C /* Debug */,
				E9536CC71CA7FFA20055720C /* Release */,
			);
			defaultConfigurationIsVisible = 0;
			defaultConfigurationName = Release;
		};
		E9536CC81CA7FFA20055720C /* Build configuration list for PBXNativeTarget "FleaMarket" */ = {
			isa = XCConfigurationList;
			buildConfigurations = (
				E9536CC91CA7FFA20055720C /* Debug */,
				E9536CCA1CA7FFA20055720C /* Release */,
			);
			defaultConfigurationIsVisible = 0;
			defaultConfigurationName = Release;
		};
		E9536CCB1CA7FFA20055720C /* Build configuration list for PBXNativeTarget "FleaMarketTests" */ = {
			isa = XCConfigurationList;
			buildConfigurations = (
				E9536CCC1CA7FFA20055720C /* Debug */,
				E9536CCD1CA7FFA20055720C /* Release */,
			);
			defaultConfigurationIsVisible = 0;
			defaultConfigurationName = Release;
		};
		E9536CCE1CA7FFA20055720C /* Build configuration list for PBXNativeTarget "FleaMarketUITests" */ = {
			isa = XCConfigurationList;
			buildConfigurations = (
				E9536CCF1CA7FFA20055720C /* Debug */,
				E9536CD01CA7FFA20055720C /* Release */,
			);
			defaultConfigurationIsVisible = 0;
			defaultConfigurationName = Release;
		};
/* End XCConfigurationList section */

/* Begin XCVersionGroup section */
		E9536CA71CA7FFA20055720C /* FleaMarket.xcdatamodeld */ = {
			isa = XCVersionGroup;
			children = (
				E9536CA81CA7FFA20055720C /* FleaMarket.xcdatamodel */,
			);
			currentVersion = E9536CA81CA7FFA20055720C /* FleaMarket.xcdatamodel */;
			path = FleaMarket.xcdatamodeld;
			sourceTree = "<group>";
			versionGroupType = wrapper.xcdatamodel;
		};
/* End XCVersionGroup section */
	};
	rootObject = E9536C901CA7FFA20055720C /* Project object */;
}
